
Microsoft Visual Studio Solution File, Format Version 12.00
# Visual Studio Version 16
VisualStudioVersion = 16.0.30517.126
MinimumVisualStudioVersion = 10.0.40219.1
Project("{FAE04EC0-301F-11D3-BF4B-00C04F79EFBC}") = "Resizer", "Resizer\Resizer.csproj", "{815ED32D-9EA0-4A47-B5CC-9570A5E544A0}"
EndProject
Global
	GlobalSection(SolutionConfigurationPlatforms) = preSolution
		Debug|Any CPU = Debug|Any CPU
		Release|Any CPU = Release|Any CPU
	EndGlobalSection
	GlobalSection(ProjectConfigurationPlatforms) = postSolution
		{815ED32D-9EA0-4A47-B5CC-9570A5E544A0}.Debug|Any CPU.ActiveCfg = Debug|Any CPU
		{815ED32D-9EA0-4A47-B5CC-9570A5E544A0}.Debug|Any CPU.Build.0 = Debug|Any CPU
		{815ED32D-9EA0-4A47-B5CC-9570A5E544A0}.Release|Any CPU.ActiveCfg = Release|Any CPU
		{815ED32D-9EA0-4A47-B5CC-9570A5E544A0}.Release|Any CPU.Build.0 = Release|Any CPU
	EndGlobalSection
	GlobalSection(SolutionProperties) = preSolution
		HideSolutionNode = FALSE
	EndGlobalSection
	GlobalSection(ExtensibilityGlobals) = postSolution
		SolutionGuid = {786F31D1-7A12-497A-A1B9-870280B36D28}
	EndGlobalSection
EndGlobal
