
Microsoft Visual Studio Solution File, Format Version 12.00
# Visual Studio Version 16
VisualStudioVersion = 16.0.30413.136
MinimumVisualStudioVersion = 10.0.40219.1
Project("{FAE04EC0-301F-11D3-BF4B-00C04F79EFBC}") = "ChessApp", "ChessApp\ChessApp.csproj", "{D7961722-9878-4079-83FD-DCAA63B7D190}"
EndProject
Global
	GlobalSection(SolutionConfigurationPlatforms) = preSolution
		Debug|Any CPU = Debug|Any CPU
		Release|Any CPU = Release|Any CPU
	EndGlobalSection
	GlobalSection(ProjectConfigurationPlatforms) = postSolution
		{D7961722-9878-4079-83FD-DCAA63B7D190}.Debug|Any CPU.ActiveCfg = Debug|Any CPU
		{D7961722-9878-4079-83FD-DCAA63B7D190}.Debug|Any CPU.Build.0 = Debug|Any CPU
		{D7961722-9878-4079-83FD-DCAA63B7D190}.Release|Any CPU.ActiveCfg = Release|Any CPU
		{D7961722-9878-4079-83FD-DCAA63B7D190}.Release|Any CPU.Build.0 = Release|Any CPU
	EndGlobalSection
	GlobalSection(SolutionProperties) = preSolution
		HideSolutionNode = FALSE
	EndGlobalSection
	GlobalSection(ExtensibilityGlobals) = postSolution
		SolutionGuid = {34DC2C63-CC39-485C-BB18-18B462E5BCF3}
	EndGlobalSection
EndGlobal
