
Microsoft Visual Studio Solution File, Format Version 12.00
# Visual Studio Version 16
VisualStudioVersion = 16.0.30413.136
MinimumVisualStudioVersion = 10.0.40219.1
Project("{FAE04EC0-301F-11D3-BF4B-00C04F79EFBC}") = "ChessApp", "ChessApp\ChessApp.csproj", "{4810FFE9-A860-4C7E-BAFB-8B37C856BD81}"
EndProject
Global
	GlobalSection(SolutionConfigurationPlatforms) = preSolution
		Debug|Any CPU = Debug|Any CPU
		Release|Any CPU = Release|Any CPU
	EndGlobalSection
	GlobalSection(ProjectConfigurationPlatforms) = postSolution
		{4810FFE9-A860-4C7E-BAFB-8B37C856BD81}.Debug|Any CPU.ActiveCfg = Debug|Any CPU
		{4810FFE9-A860-4C7E-BAFB-8B37C856BD81}.Debug|Any CPU.Build.0 = Debug|Any CPU
		{4810FFE9-A860-4C7E-BAFB-8B37C856BD81}.Release|Any CPU.ActiveCfg = Release|Any CPU
		{4810FFE9-A860-4C7E-BAFB-8B37C856BD81}.Release|Any CPU.Build.0 = Release|Any CPU
	EndGlobalSection
	GlobalSection(SolutionProperties) = preSolution
		HideSolutionNode = FALSE
	EndGlobalSection
	GlobalSection(ExtensibilityGlobals) = postSolution
		SolutionGuid = {B05E0F04-AFF5-4699-B7F1-9EE40823BDC6}
	EndGlobalSection
EndGlobal
