
Microsoft Visual Studio Solution File, Format Version 12.00
# Visual Studio Version 16
VisualStudioVersion = 16.0.30413.136
MinimumVisualStudioVersion = 10.0.40219.1
Project("{9A19103F-16F7-4668-BE54-9A1E7A4F7556}") = "WordsApp", "WordsApp\WordsApp.csproj", "{77AEE26E-DD87-4E93-B772-C06FA9B720ED}"
EndProject
Project("{FAE04EC0-301F-11D3-BF4B-00C04F79EFBC}") = "holiday", "holiday\holiday.csproj", "{B68B0057-C6C8-4AD1-B2DB-196A1FBD43FD}"
EndProject
Project("{FAE04EC0-301F-11D3-BF4B-00C04F79EFBC}") = "flagApp", "flagApp\flagApp.csproj", "{480AD912-BB4F-4E2F-9F06-B07A73592B37}"
EndProject
Global
	GlobalSection(SolutionConfigurationPlatforms) = preSolution
		Debug|Any CPU = Debug|Any CPU
		Release|Any CPU = Release|Any CPU
	EndGlobalSection
	GlobalSection(ProjectConfigurationPlatforms) = postSolution
		{77AEE26E-DD87-4E93-B772-C06FA9B720ED}.Debug|Any CPU.ActiveCfg = Debug|Any CPU
		{77AEE26E-DD87-4E93-B772-C06FA9B720ED}.Debug|Any CPU.Build.0 = Debug|Any CPU
		{77AEE26E-DD87-4E93-B772-C06FA9B720ED}.Release|Any CPU.ActiveCfg = Release|Any CPU
		{77AEE26E-DD87-4E93-B772-C06FA9B720ED}.Release|Any CPU.Build.0 = Release|Any CPU
		{B68B0057-C6C8-4AD1-B2DB-196A1FBD43FD}.Debug|Any CPU.ActiveCfg = Debug|Any CPU
		{B68B0057-C6C8-4AD1-B2DB-196A1FBD43FD}.Debug|Any CPU.Build.0 = Debug|Any CPU
		{B68B0057-C6C8-4AD1-B2DB-196A1FBD43FD}.Release|Any CPU.ActiveCfg = Release|Any CPU
		{B68B0057-C6C8-4AD1-B2DB-196A1FBD43FD}.Release|Any CPU.Build.0 = Release|Any CPU
		{480AD912-BB4F-4E2F-9F06-B07A73592B37}.Debug|Any CPU.ActiveCfg = Debug|Any CPU
		{480AD912-BB4F-4E2F-9F06-B07A73592B37}.Debug|Any CPU.Build.0 = Debug|Any CPU
		{480AD912-BB4F-4E2F-9F06-B07A73592B37}.Release|Any CPU.ActiveCfg = Release|Any CPU
		{480AD912-BB4F-4E2F-9F06-B07A73592B37}.Release|Any CPU.Build.0 = Release|Any CPU
	EndGlobalSection
	GlobalSection(SolutionProperties) = preSolution
		HideSolutionNode = FALSE
	EndGlobalSection
	GlobalSection(ExtensibilityGlobals) = postSolution
		SolutionGuid = {EA7C559B-AF12-43BA-8307-38DFEB6FC860}
	EndGlobalSection
EndGlobal
