
Microsoft Visual Studio Solution File, Format Version 12.00
# Visual Studio Version 16
VisualStudioVersion = 16.0.30517.126
MinimumVisualStudioVersion = 10.0.40219.1
Project("{FAE04EC0-301F-11D3-BF4B-00C04F79EFBC}") = "tgif", "tgif\tgif.csproj", "{DB3EB116-CA31-414E-B4FE-C5C3EBD96FED}"
EndProject
Global
	GlobalSection(SolutionConfigurationPlatforms) = preSolution
		Debug|Any CPU = Debug|Any CPU
		Release|Any CPU = Release|Any CPU
	EndGlobalSection
	GlobalSection(ProjectConfigurationPlatforms) = postSolution
		{DB3EB116-CA31-414E-B4FE-C5C3EBD96FED}.Debug|Any CPU.ActiveCfg = Debug|Any CPU
		{DB3EB116-CA31-414E-B4FE-C5C3EBD96FED}.Debug|Any CPU.Build.0 = Debug|Any CPU
		{DB3EB116-CA31-414E-B4FE-C5C3EBD96FED}.Release|Any CPU.ActiveCfg = Release|Any CPU
		{DB3EB116-CA31-414E-B4FE-C5C3EBD96FED}.Release|Any CPU.Build.0 = Release|Any CPU
	EndGlobalSection
	GlobalSection(SolutionProperties) = preSolution
		HideSolutionNode = FALSE
	EndGlobalSection
	GlobalSection(ExtensibilityGlobals) = postSolution
		SolutionGuid = {E0EEA31C-7744-4D15-80DD-E963E9998B3E}
	EndGlobalSection
EndGlobal
