
Microsoft Visual Studio Solution File, Format Version 12.00
# Visual Studio Version 16
VisualStudioVersion = 16.0.30517.126
MinimumVisualStudioVersion = 10.0.40219.1
Project("{FAE04EC0-301F-11D3-BF4B-00C04F79EFBC}") = "geocode", "geocode\geocode.csproj", "{658470F9-CC66-41F9-8721-6222B2BFE30A}"
EndProject
Global
	GlobalSection(SolutionConfigurationPlatforms) = preSolution
		Debug|Any CPU = Debug|Any CPU
		Release|Any CPU = Release|Any CPU
	EndGlobalSection
	GlobalSection(ProjectConfigurationPlatforms) = postSolution
		{658470F9-CC66-41F9-8721-6222B2BFE30A}.Debug|Any CPU.ActiveCfg = Debug|Any CPU
		{658470F9-CC66-41F9-8721-6222B2BFE30A}.Debug|Any CPU.Build.0 = Debug|Any CPU
		{658470F9-CC66-41F9-8721-6222B2BFE30A}.Release|Any CPU.ActiveCfg = Release|Any CPU
		{658470F9-CC66-41F9-8721-6222B2BFE30A}.Release|Any CPU.Build.0 = Release|Any CPU
	EndGlobalSection
	GlobalSection(SolutionProperties) = preSolution
		HideSolutionNode = FALSE
	EndGlobalSection
	GlobalSection(ExtensibilityGlobals) = postSolution
		SolutionGuid = {00FC8FC2-34E6-480C-9C8A-0466E9F4C2CA}
	EndGlobalSection
EndGlobal
