
Microsoft Visual Studio Solution File, Format Version 12.00
# Visual Studio Version 16
VisualStudioVersion = 16.0.30413.136
MinimumVisualStudioVersion = 10.0.40219.1
Project("{9A19103F-16F7-4668-BE54-9A1E7A4F7556}") = "FelhanteringExercise", "FelhanteringExercise\FelhanteringExercise.csproj", "{7241EF45-A377-4E33-9A83-C2ECA6724D89}"
EndProject
Project("{9A19103F-16F7-4668-BE54-9A1E7A4F7556}") = "NullbaraVärdetyperExercise", "NullbaraVärdetyperExercise\NullbaraVärdetyperExercise.csproj", "{2D35898A-D57B-437E-BD7E-13B450AF017C}"
EndProject
Project("{FAE04EC0-301F-11D3-BF4B-00C04F79EFBC}") = "StränghanteringExercise", "StränghanteringExercise\StränghanteringExercise.csproj", "{A084FB32-9FE9-4DDD-BF4B-D0140AE69610}"
EndProject
Global
	GlobalSection(SolutionConfigurationPlatforms) = preSolution
		Debug|Any CPU = Debug|Any CPU
		Release|Any CPU = Release|Any CPU
	EndGlobalSection
	GlobalSection(ProjectConfigurationPlatforms) = postSolution
		{7241EF45-A377-4E33-9A83-C2ECA6724D89}.Debug|Any CPU.ActiveCfg = Debug|Any CPU
		{7241EF45-A377-4E33-9A83-C2ECA6724D89}.Debug|Any CPU.Build.0 = Debug|Any CPU
		{7241EF45-A377-4E33-9A83-C2ECA6724D89}.Release|Any CPU.ActiveCfg = Release|Any CPU
		{7241EF45-A377-4E33-9A83-C2ECA6724D89}.Release|Any CPU.Build.0 = Release|Any CPU
		{2D35898A-D57B-437E-BD7E-13B450AF017C}.Debug|Any CPU.ActiveCfg = Debug|Any CPU
		{2D35898A-D57B-437E-BD7E-13B450AF017C}.Debug|Any CPU.Build.0 = Debug|Any CPU
		{2D35898A-D57B-437E-BD7E-13B450AF017C}.Release|Any CPU.ActiveCfg = Release|Any CPU
		{2D35898A-D57B-437E-BD7E-13B450AF017C}.Release|Any CPU.Build.0 = Release|Any CPU
		{A084FB32-9FE9-4DDD-BF4B-D0140AE69610}.Debug|Any CPU.ActiveCfg = Debug|Any CPU
		{A084FB32-9FE9-4DDD-BF4B-D0140AE69610}.Debug|Any CPU.Build.0 = Debug|Any CPU
		{A084FB32-9FE9-4DDD-BF4B-D0140AE69610}.Release|Any CPU.ActiveCfg = Release|Any CPU
		{A084FB32-9FE9-4DDD-BF4B-D0140AE69610}.Release|Any CPU.Build.0 = Release|Any CPU
	EndGlobalSection
	GlobalSection(SolutionProperties) = preSolution
		HideSolutionNode = FALSE
	EndGlobalSection
	GlobalSection(ExtensibilityGlobals) = postSolution
		SolutionGuid = {1D4FAD8D-7C81-4F10-A4B4-B42B370BC5A4}
	EndGlobalSection
EndGlobal
