
Microsoft Visual Studio Solution File, Format Version 12.00
# Visual Studio Version 16
VisualStudioVersion = 16.0.30413.136
MinimumVisualStudioVersion = 10.0.40219.1
Project("{FAE04EC0-301F-11D3-BF4B-00C04F79EFBC}") = "NumbersApp", "NumbersApp\NumbersApp.csproj", "{D76BDA23-DAB4-404C-A876-A1FCF958D11B}"
EndProject
Global
	GlobalSection(SolutionConfigurationPlatforms) = preSolution
		Debug|Any CPU = Debug|Any CPU
		Release|Any CPU = Release|Any CPU
	EndGlobalSection
	GlobalSection(ProjectConfigurationPlatforms) = postSolution
		{D76BDA23-DAB4-404C-A876-A1FCF958D11B}.Debug|Any CPU.ActiveCfg = Debug|Any CPU
		{D76BDA23-DAB4-404C-A876-A1FCF958D11B}.Debug|Any CPU.Build.0 = Debug|Any CPU
		{D76BDA23-DAB4-404C-A876-A1FCF958D11B}.Release|Any CPU.ActiveCfg = Release|Any CPU
		{D76BDA23-DAB4-404C-A876-A1FCF958D11B}.Release|Any CPU.Build.0 = Release|Any CPU
	EndGlobalSection
	GlobalSection(SolutionProperties) = preSolution
		HideSolutionNode = FALSE
	EndGlobalSection
	GlobalSection(ExtensibilityGlobals) = postSolution
		SolutionGuid = {38CF497C-27FE-41AD-8F25-A71743276BE1}
	EndGlobalSection
EndGlobal
