
Microsoft Visual Studio Solution File, Format Version 12.00
# Visual Studio Version 16
VisualStudioVersion = 16.0.30413.136
MinimumVisualStudioVersion = 10.0.40219.1
Project("{FAE04EC0-301F-11D3-BF4B-00C04F79EFBC}") = "Numbers", "Numbers\Numbers.csproj", "{D66C3C2A-2790-4634-BA29-61DF9B9FDAA3}"
EndProject
Global
	GlobalSection(SolutionConfigurationPlatforms) = preSolution
		Debug|Any CPU = Debug|Any CPU
		Release|Any CPU = Release|Any CPU
	EndGlobalSection
	GlobalSection(ProjectConfigurationPlatforms) = postSolution
		{D66C3C2A-2790-4634-BA29-61DF9B9FDAA3}.Debug|Any CPU.ActiveCfg = Debug|Any CPU
		{D66C3C2A-2790-4634-BA29-61DF9B9FDAA3}.Debug|Any CPU.Build.0 = Debug|Any CPU
		{D66C3C2A-2790-4634-BA29-61DF9B9FDAA3}.Release|Any CPU.ActiveCfg = Release|Any CPU
		{D66C3C2A-2790-4634-BA29-61DF9B9FDAA3}.Release|Any CPU.Build.0 = Release|Any CPU
	EndGlobalSection
	GlobalSection(SolutionProperties) = preSolution
		HideSolutionNode = FALSE
	EndGlobalSection
	GlobalSection(ExtensibilityGlobals) = postSolution
		SolutionGuid = {44E5518F-1762-42FC-8F11-4855A5CC4A3E}
	EndGlobalSection
EndGlobal
