
Microsoft Visual Studio Solution File, Format Version 12.00
# Visual Studio Version 16
VisualStudioVersion = 16.0.30413.136
MinimumVisualStudioVersion = 10.0.40219.1
Project("{FAE04EC0-301F-11D3-BF4B-00C04F79EFBC}") = "HansJohnnysButikApp", "HansJohnnysButikApp\HansJohnnysButikApp.csproj", "{416476F6-7771-4AAB-93E6-4177EA3BF20D}"
EndProject
Global
	GlobalSection(SolutionConfigurationPlatforms) = preSolution
		Debug|Any CPU = Debug|Any CPU
		Release|Any CPU = Release|Any CPU
	EndGlobalSection
	GlobalSection(ProjectConfigurationPlatforms) = postSolution
		{416476F6-7771-4AAB-93E6-4177EA3BF20D}.Debug|Any CPU.ActiveCfg = Debug|Any CPU
		{416476F6-7771-4AAB-93E6-4177EA3BF20D}.Debug|Any CPU.Build.0 = Debug|Any CPU
		{416476F6-7771-4AAB-93E6-4177EA3BF20D}.Release|Any CPU.ActiveCfg = Release|Any CPU
		{416476F6-7771-4AAB-93E6-4177EA3BF20D}.Release|Any CPU.Build.0 = Release|Any CPU
	EndGlobalSection
	GlobalSection(SolutionProperties) = preSolution
		HideSolutionNode = FALSE
	EndGlobalSection
	GlobalSection(ExtensibilityGlobals) = postSolution
		SolutionGuid = {13948C82-F7C7-4880-ABD8-842E29293436}
	EndGlobalSection
EndGlobal
