
Microsoft Visual Studio Solution File, Format Version 12.00
# Visual Studio Version 16
VisualStudioVersion = 16.0.30413.136
MinimumVisualStudioVersion = 10.0.40219.1
Project("{FAE04EC0-301F-11D3-BF4B-00C04F79EFBC}") = "WordAndLetterOrderChengerApp", "WordAndLetterOrderChengerApp\WordAndLetterOrderChengerApp.csproj", "{EFD69693-7CAC-4E9F-88F3-B13EFA47FCC3}"
EndProject
Global
	GlobalSection(SolutionConfigurationPlatforms) = preSolution
		Debug|Any CPU = Debug|Any CPU
		Release|Any CPU = Release|Any CPU
	EndGlobalSection
	GlobalSection(ProjectConfigurationPlatforms) = postSolution
		{EFD69693-7CAC-4E9F-88F3-B13EFA47FCC3}.Debug|Any CPU.ActiveCfg = Debug|Any CPU
		{EFD69693-7CAC-4E9F-88F3-B13EFA47FCC3}.Debug|Any CPU.Build.0 = Debug|Any CPU
		{EFD69693-7CAC-4E9F-88F3-B13EFA47FCC3}.Release|Any CPU.ActiveCfg = Release|Any CPU
		{EFD69693-7CAC-4E9F-88F3-B13EFA47FCC3}.Release|Any CPU.Build.0 = Release|Any CPU
	EndGlobalSection
	GlobalSection(SolutionProperties) = preSolution
		HideSolutionNode = FALSE
	EndGlobalSection
	GlobalSection(ExtensibilityGlobals) = postSolution
		SolutionGuid = {A3A367E8-39CB-4982-86F8-64C4C1944215}
	EndGlobalSection
EndGlobal
