
Microsoft Visual Studio Solution File, Format Version 12.00
# Visual Studio Version 16
VisualStudioVersion = 16.0.30413.136
MinimumVisualStudioVersion = 10.0.40219.1
Project("{FAE04EC0-301F-11D3-BF4B-00C04F79EFBC}") = "HollidayApp", "HollidayApp\HollidayApp.csproj", "{4EEE7901-D229-461C-8B30-962BE3EFB0D3}"
EndProject
Global
	GlobalSection(SolutionConfigurationPlatforms) = preSolution
		Debug|Any CPU = Debug|Any CPU
		Release|Any CPU = Release|Any CPU
	EndGlobalSection
	GlobalSection(ProjectConfigurationPlatforms) = postSolution
		{4EEE7901-D229-461C-8B30-962BE3EFB0D3}.Debug|Any CPU.ActiveCfg = Debug|Any CPU
		{4EEE7901-D229-461C-8B30-962BE3EFB0D3}.Debug|Any CPU.Build.0 = Debug|Any CPU
		{4EEE7901-D229-461C-8B30-962BE3EFB0D3}.Release|Any CPU.ActiveCfg = Release|Any CPU
		{4EEE7901-D229-461C-8B30-962BE3EFB0D3}.Release|Any CPU.Build.0 = Release|Any CPU
	EndGlobalSection
	GlobalSection(SolutionProperties) = preSolution
		HideSolutionNode = FALSE
	EndGlobalSection
	GlobalSection(ExtensibilityGlobals) = postSolution
		SolutionGuid = {0A86CD7B-D95E-4897-BD32-D68006594C87}
	EndGlobalSection
EndGlobal
